lockfileVersion: '9.0'

settings:
  autoInstallPeers: true
  excludeLinksFromLockfile: false

importers:

  .:
    dependencies:
      '@hono/node-server':
        specifier: ^1.14.0
        version: 1.19.17(hono@4.13.7)
      '@profullstack/hqtui':
        specifier: ^0.3.0
        version: 0.3.0
      '@simplewebauthn/server':
        specifier: ^14.0.1
        version: 14.0.1
      hono:
        specifier: ^4.6.14
        version: 4.13.7
      pg:
        specifier: ^8.13.1
        version: 8.23.0
    devDependencies:
      '@types/node':
        specifier: ^24.3.0
        version: 24.13.3
      '@types/pg':
        specifier: ^8.11.10
        version: 8.23.1
      prettier:
        specifier: ^3.3.3
        version: 3.9.6
      typescript:
        specifier: ^5.9.2
        version: 5.9.3

  myna-plugin:
    dependencies:
      '@profullstack/agenticjobs':
        specifier: workspace:*
        version: link:..

packages:

  '@hexagon/base64@1.1.28':
    resolution: {integrity: sha512-lhqDEAvWixy3bZ+UOYbPwUbBkwBq5C1LAJ/xPC8Oi+lL54oyakv/npbA0aU2hgCsx/1NUd4IBvV03+aUBWxerw==}

  '@hono/node-server@1.19.17':
    resolution: {integrity: sha512-dSneS5qhiauZWGDCeK4o695Xd9nUNjviSZCMQrj10eetr8Uln1ucn6bbphOM6UynAMMtNIzZNSpL9vnASJwrPQ==}
    engines: {node: '>=18.14.1'}
    peerDependencies:
      hono: ^4

  '@levischuck/tiny-cbor@0.2.11':
    resolution: {integrity: sha512-llBRm4dT4Z89aRsm6u2oEZ8tfwL/2l6BwpZ7JcyieouniDECM5AqNgr/y08zalEIvW3RSK4upYyybDcmjXqAow==}

  '@peculiar/asn1-android@2.9.4':
    resolution: {integrity: sha512-SYHm4SoWSI0nRCoos6jpGusIqhPH9bbGBqv7ohlZ+H6BunrDzzQPk2ePgDuEUzV82OdvbLgtW4twUDwhU9P3YQ==}
    engines: {node: '>=14'}

  '@peculiar/asn1-asym-key@2.9.4':
    resolution: {integrity: sha512-s7SJfjcXlR3MYMngDTeMLCy3VjGaIxeEy905CQ0j09pDbeYhNBvBGA7r7cAvCZYkVFo9kVg9RAki0K2iUz7SGQ==}
    engines: {node: '>=14'}

  '@peculiar/asn1-cms@2.9.4':
    resolution: {integrity: sha512-cben7oxmQsUGZqotus7yt0srYdncOT6RNWcTQ77T2RFOXejYVYkXadrfePdRcrVpO9K95IRLKKglG2k38jKXuw==}
    engines: {node: '>=14'}

  '@peculiar/asn1-csr@2.9.4':
    resolution: {integrity: sha512-xd4YN4vpRjkDAQWVfZZkeu12IEND7DOpkqaHSIHxZl1uggUNa9Ju0QxY2jHvDAS9pP0zhRBytg8ifsnGo3V0jw==}
    engines: {node: '>=14'}

  '@peculiar/asn1-ecc@2.9.4':
    resolution: {integrity: sha512-JJXefFshRAuVAjWQo/39bkg1ywc1VaiO44S8RRC+Ykvf/u2KDmYffoDb0ZBPCR5uJy4AGKQhl8mX+Q8ShcWaXQ==}
    engines: {node: '>=14'}

  '@peculiar/asn1-pfx@2.9.4':
    resolution: {integrity: sha512-khuGzHTzNzk4GDlIBEILyIs6Lce0yn0ZBdoI9v93kmNncfZRhD+AQ5ODFqdhvoE8cMJF/JMTQ8yA+t1D14kqCw==}
    engines: {node: '>=14'}

  '@peculiar/asn1-pkcs8@2.9.4':
    resolution: {integrity: sha512-duRdotlUx9eDZe6QrQpQKl61RbWykCHBCkKayP8V8XdEFwlKHZ8qGGDMyS6Pye7OX7nLFttTTpRkJeet78ckwQ==}
    engines: {node: '>=14'}

  '@peculiar/asn1-pkcs9@2.9.4':
    resolution: {integrity: sha512-kaL4cNxBpdQE2dKlyZBqz4ygCrwffO+8wfoxTEqM1Z8RadvCeELBRzcv0dzM8aY9azHMwODO5nxU65zXmhToOQ==}
    engines: {node: '>=14'}

  '@peculiar/asn1-rsa@2.9.4':
    resolution: {integrity: sha512-pZ96eD1PptovcWQ/GSmuNFXd/7EQJNlKfDaNCyE2rx3W0v6QFelkzquVqRSRyyDXXCYD69ZXJDzZ8GhIiQzKoA==}
    engines: {node: '>=14'}

  '@peculiar/asn1-schema@2.9.4':
    resolution: {integrity: sha512-GjzePcT9Iw8NzeOPf73iNS9xM+TBhd/FilAfP+RQGkTMQJTVWtytN3JHJACCjf/ABNau5S7mS3g+DcuxmRgYEg==}
    engines: {node: '>=14'}

  '@peculiar/asn1-x509-attr@2.9.4':
    resolution: {integrity: sha512-ehQXbpQaQYycgu8OrvigwSPTFfVRcu0ECNYCWw+yzBp02Lw5paRqzzhUpfOgO2K38+WfFZuEz/0RPtam5g0OMg==}
    engines: {node: '>=14'}

  '@peculiar/asn1-x509-post-quantum@2.9.4':
    resolution: {integrity: sha512-GD0k7BY3dsEIeai7C7bVRPddj/PzZu+sTawRPRxdHKbdy1f9b58WQyk0eFJdr28GShyLVTU8poyi4+bTAZfEtQ==}
    engines: {node: '>=14'}

  '@peculiar/asn1-x509@2.9.4':
    resolution: {integrity: sha512-CxhBo/RdEbMMob7T31ZdQjGuoyRFLVwrDzTn25bihzBasRg9kRm/0IxIPvhgQtcK/9dNcO1XQL2fuPugwELL0Q==}
    engines: {node: '>=14'}

  '@peculiar/utils@2.0.3':
    resolution: {integrity: sha512-+oL3HPFRIZ1St2K50lWCXiioIgSoxzz7R1J3uF6neO2yl1sgmpgY6XXJH4BdpoDkMWznQTeYF6oWNDZLCdQ4eQ==}

  '@peculiar/x509@2.1.0':
    resolution: {integrity: sha512-IYbg1R03CSQGWwl24kGyqrdVtixNSbRaDvBg1r5wyYjTP+VwPQkka1BzTgU5+vxiuwqg04OxdvdJ1xYYFIdUSA==}
    engines: {node: '>=20.0.0'}

  '@profullstack/hqtui@0.3.0':
    resolution: {integrity: sha512-ceiLIarditlryaHqYW1V2VCkF7mlV+u9LJoNB3zEW6FSnRzvugjgLkju4qEsWZSkojeE+lEir5W6nxtuuGzmXw==}
    engines: {bun: '>=1.1', node: '>=22.6'}
    hasBin: true

  '@simplewebauthn/server@14.0.1':
    resolution: {integrity: sha512-kjWgcm9NdSv+Tobo4Swxd1WnEawsBogpYFMjg9pKsVLPN3FdCmR6BipkL+DcPDgmQ7UKbbBZqRqn3E3YaA7NBw==}
    engines: {node: '>=20.0.0'}

  '@types/node@24.13.3':
    resolution: {integrity: sha512-Dh8vAsV36ig5wa9OX4pXvMc9D3Veibfw2wix0CUwYODLD8nkj9UsLjASr49nPg+2eKzxhBV+v7L8pXvT4e639Q==}

  '@types/pg@8.23.1':
    resolution: {integrity: sha512-fKVHpikPdg4GKks3JuLEhvwSyvwzF23hnabPy6DD8ljVbC7+6J5dQzdv4arV6jqq57djnMgs1HKBxX4P8aBI3A==}

  asn1js@3.0.10:
    resolution: {integrity: sha512-S2s3aOytiKdFRdulw2qPE51MzjzVOisppcVv7jVFR+Kw0kxwvFrDcYA0h7Ndqbmj0HkMIXYWaoj7fli8kgx1eg==}
    engines: {node: '>=12.0.0'}

  hono@4.13.7:
    resolution: {integrity: sha512-c8/gF9ac8Y78/agExVocyLevgR+JlpNB444Py0FSX8pJoPdYUfUzRcXtYEYGwt6l19qIlVZPN5Mfsw9jFShmQQ==}
    engines: {node: '>=16.9.0'}

  pg-cloudflare@1.4.0:
    resolution: {integrity: sha512-Vo7z/6rrQYxpNRylp4Tlob2elzbh+N/MOQbxFVWCxS7oEx6jF53GTJFxK2WWpKuBRkmiin4Mt+xofFDjx09R0A==}

  pg-connection-string@2.14.0:
    resolution: {integrity: sha512-XwWDGcLRGCXAR8F/AM5bG7Q+A3Wm2s6QeEjlOKZLlH3UYcguiqCWKyWXVag5TLTIjR7oOJUY8kcADaZgWPyLeg==}

  pg-int8@1.0.1:
    resolution: {integrity: sha512-WCtabS6t3c8SkpDBUlb1kjOs7l66xsGdKpIPZsg4wR+B3+u9UAum2odSsF9tnvxg80h4ZxLWMy4pRjOsFIqQpw==}
    engines: {node: '>=4.0.0'}

  pg-pool@3.14.0:
    resolution: {integrity: sha512-gKtPkFdQPU3DksooVLi9LsjZxrsBUZIpa+7aVx+LV5pNh0KzP4Zleud2po+ConrxbuXGBJ6Hfer6hdgpIBpBaw==}
    peerDependencies:
      pg: '>=8.0'

  pg-protocol@1.16.0:
    resolution: {integrity: sha512-sILXutLVjCLjcDuOmvhX5e2Z4cS5qG/6Bu3VkpFwdf/633ElGLpEh9bgmuI5I4sqKqkifQiGyiCcx1HdtrK7tg==}

  pg-types@2.2.0:
    resolution: {integrity: sha512-qTAAlrEsl8s4OiEQY69wDvcMIdQN6wdz5ojQiOy6YRMuynxenON0O5oCpJI6lshc6scgAY8qvJ2On/p+CXY0GA==}
    engines: {node: '>=4'}

  pg@8.23.0:
    resolution: {integrity: sha512-Ip2EQCngowJLGOfCwkFhPXU7/ljlhn6Rxlmy4XYfL2Y+vyRM59+8uR2xqRWKdYmbXmxCFOAmKxBuSUCdF34qLg==}
    engines: {node: '>= 16.0.0'}
    peerDependencies:
      pg-native: '>=3.0.1'
    peerDependenciesMeta:
      pg-native:
        optional: true

  pgpass@1.0.5:
    resolution: {integrity: sha512-FdW9r/jQZhSeohs1Z3sI1yxFQNFvMcnmfuj4WBMUTxOrAyLMaTcE1aAMBiTlbMNaXvBCQuVi0R7hd8udDSP7ug==}

  postgres-array@2.0.0:
    resolution: {integrity: sha512-VpZrUqU5A69eQyW2c5CA1jtLecCsN2U/bD6VilrFDWq5+5UIEVO7nazS3TEcHf1zuPYO/sqGvUvW62g86RXZuA==}
    engines: {node: '>=4'}

  postgres-bytea@1.0.1:
    resolution: {integrity: sha512-5+5HqXnsZPE65IJZSMkZtURARZelel2oXUEO8rH83VS/hxH5vv1uHquPg5wZs8yMAfdv971IU+kcPUczi7NVBQ==}
    engines: {node: '>=0.10.0'}

  postgres-date@1.0.7:
    resolution: {integrity: sha512-suDmjLVQg78nMK2UZ454hAG+OAW+HQPZ6n++TNDUX+L0+uUlLywnoxJKDou51Zm+zTCjrCl0Nq6J9C5hP9vK/Q==}
    engines: {node: '>=0.10.0'}

  postgres-interval@1.2.0:
    resolution: {integrity: sha512-9ZhXKM/rw350N1ovuWHbGxnGh/SNJ4cnxHiM0rxE4VN41wsg8P8zWn9hv/buK00RP4WvlOyr/RBDiptyxVbkZQ==}
    engines: {node: '>=0.10.0'}

  prettier@3.9.6:
    resolution: {integrity: sha512-OpN0zzVdiaiAhxpuuj5efpIS4sY9j7bY6uR5mnj5yPzGkdkjNKSJeUThPb60Jw29QuAZgA4o+/iB49kFiaBX6g==}
    engines: {node: '>=14'}
    hasBin: true

  pvtsutils@1.3.6:
    resolution: {integrity: sha512-PLgQXQ6H2FWCaeRak8vvk1GW462lMxB5s3Jm673N82zI4vqtVUPuZdffdZbPDFRoU8kAhItWFtPCWiPpp4/EDg==}

  pvutils@1.2.0:
    resolution: {integrity: sha512-BbubeCEyTuQjVMakvJQ/Sxbc93F2pwmbsxONT/ZRrwU7Ua38d8unYTwXpTVLAKJ4BDuH9IGztCjQcd/N/39Dvg==}
    engines: {node: '>=16.0.0'}

  reflect-metadata@0.2.2:
    resolution: {integrity: sha512-urBwgfrvVP/eAyXx4hluJivBKzuEbSQs9rKWCrCkbSxNv8mxPcUZKeuoF3Uy4mJl3Lwprp6yy5/39VWigZ4K6Q==}

  split2@4.2.0:
    resolution: {integrity: sha512-UcjcJOWknrNkF6PLX83qcHM6KHgVKNkV62Y8a5uYDVv9ydGQVwAHMKqHdJje1VTWpljG0WYpCDhrCdAOYH4TWg==}
    engines: {node: '>= 10.x'}

  tslib@1.14.1:
    resolution: {integrity: sha512-Xni35NKzjgMrwevysHTCArtLDpPvye8zV/0E4EyYn43P7/7qvQwPh9BGkHewbMulVntbigmcT7rdX3BNo9wRJg==}

  tslib@2.8.1:
    resolution: {integrity: sha512-oJFu94HQb+KVduSUQL7wnpmqnfmLsOA/nAh6b6EH0wCEoK0/mPeXU6c3wKDV83MkOuHPRHtSXKKU99IBazS/2w==}

  tsyringe@4.10.0:
    resolution: {integrity: sha512-axr3IdNuVIxnaK5XGEUFTu3YmAQ6lllgrvqfEoR16g/HGnYY/6We4oWENtAnzK6/LpJ2ur9PAb80RBt7/U4ugw==}
    engines: {node: '>= 6.0.0'}

  typescript@5.9.3:
    resolution: {integrity: sha512-jl1vZzPDinLr9eUt3J/t7V6FgNEw9QjvBPdysz9KfQDD41fQrC2Y4vKQdiaUpFT4bXlb1RHhLpp8wtm6M5TgSw==}
    engines: {node: '>=14.17'}
    hasBin: true

  undici-types@7.18.2:
    resolution: {integrity: sha512-AsuCzffGHJybSaRrmr5eHr81mwJU3kjw6M+uprWvCXiNeN9SOGwQ3Jn8jb8m3Z6izVgknn1R0FTCEAP2QrLY/w==}

  xtend@4.0.2:
    resolution: {integrity: sha512-LKYU1iAXJXUgAXn9URjiu+MWhyUXHsvfp7mcuYm9dSUKK0/CjtrUwFAxD82/mCWbtLsGjFIad0wIsod4zrTAEQ==}
    engines: {node: '>=0.4'}

snapshots:

  '@hexagon/base64@1.1.28': {}

  '@hono/node-server@1.19.17(hono@4.13.7)':
    dependencies:
      hono: 4.13.7

  '@levischuck/tiny-cbor@0.2.11': {}

  '@peculiar/asn1-android@2.9.4':
    dependencies:
      '@peculiar/asn1-schema': 2.9.4
      asn1js: 3.0.10
      tslib: 2.8.1

  '@peculiar/asn1-asym-key@2.9.4':
    dependencies:
      '@peculiar/asn1-pkcs8': 2.9.4
      '@peculiar/asn1-schema': 2.9.4
      '@peculiar/asn1-x509': 2.9.4
      asn1js: 3.0.10
      tslib: 2.8.1

  '@peculiar/asn1-cms@2.9.4':
    dependencies:
      '@peculiar/asn1-schema': 2.9.4
      '@peculiar/asn1-x509': 2.9.4
      '@peculiar/asn1-x509-attr': 2.9.4
      asn1js: 3.0.10
      tslib: 2.8.1

  '@peculiar/asn1-csr@2.9.4':
    dependencies:
      '@peculiar/asn1-schema': 2.9.4
      '@peculiar/asn1-x509': 2.9.4
      asn1js: 3.0.10
      tslib: 2.8.1

  '@peculiar/asn1-ecc@2.9.4':
    dependencies:
      '@peculiar/asn1-schema': 2.9.4
      '@peculiar/asn1-x509': 2.9.4
      asn1js: 3.0.10
      tslib: 2.8.1

  '@peculiar/asn1-pfx@2.9.4':
    dependencies:
      '@peculiar/asn1-cms': 2.9.4
      '@peculiar/asn1-pkcs8': 2.9.4
      '@peculiar/asn1-rsa': 2.9.4
      '@peculiar/asn1-schema': 2.9.4
      asn1js: 3.0.10
      tslib: 2.8.1

  '@peculiar/asn1-pkcs8@2.9.4':
    dependencies:
      '@peculiar/asn1-schema': 2.9.4
      '@peculiar/asn1-x509': 2.9.4
      asn1js: 3.0.10
      tslib: 2.8.1

  '@peculiar/asn1-pkcs9@2.9.4':
    dependencies:
      '@peculiar/asn1-cms': 2.9.4
      '@peculiar/asn1-pfx': 2.9.4
      '@peculiar/asn1-pkcs8': 2.9.4
      '@peculiar/asn1-schema': 2.9.4
      '@peculiar/asn1-x509': 2.9.4
      '@peculiar/asn1-x509-attr': 2.9.4
      asn1js: 3.0.10
      tslib: 2.8.1

  '@peculiar/asn1-rsa@2.9.4':
    dependencies:
      '@peculiar/asn1-schema': 2.9.4
      '@peculiar/asn1-x509': 2.9.4
      asn1js: 3.0.10
      tslib: 2.8.1

  '@peculiar/asn1-schema@2.9.4':
    dependencies:
      '@peculiar/utils': 2.0.3
      asn1js: 3.0.10
      tslib: 2.8.1

  '@peculiar/asn1-x509-attr@2.9.4':
    dependencies:
      '@peculiar/asn1-schema': 2.9.4
      '@peculiar/asn1-x509': 2.9.4
      asn1js: 3.0.10
      tslib: 2.8.1

  '@peculiar/asn1-x509-post-quantum@2.9.4':
    dependencies:
      '@peculiar/asn1-asym-key': 2.9.4
      '@peculiar/asn1-schema': 2.9.4
      '@peculiar/asn1-x509': 2.9.4
      asn1js: 3.0.10
      tslib: 2.8.1

  '@peculiar/asn1-x509@2.9.4':
    dependencies:
      '@peculiar/asn1-schema': 2.9.4
      '@peculiar/utils': 2.0.3
      asn1js: 3.0.10
      tslib: 2.8.1

  '@peculiar/utils@2.0.3':
    dependencies:
      tslib: 2.8.1

  '@peculiar/x509@2.1.0':
    dependencies:
      '@peculiar/asn1-cms': 2.9.4
      '@peculiar/asn1-csr': 2.9.4
      '@peculiar/asn1-ecc': 2.9.4
      '@peculiar/asn1-pkcs9': 2.9.4
      '@peculiar/asn1-rsa': 2.9.4
      '@peculiar/asn1-schema': 2.9.4
      '@peculiar/asn1-x509': 2.9.4
      '@peculiar/asn1-x509-post-quantum': 2.9.4
      pvtsutils: 1.3.6
      tslib: 2.8.1
      tsyringe: 4.10.0

  '@profullstack/hqtui@0.3.0': {}

  '@simplewebauthn/server@14.0.1':
    dependencies:
      '@hexagon/base64': 1.1.28
      '@levischuck/tiny-cbor': 0.2.11
      '@peculiar/asn1-android': 2.9.4
      '@peculiar/asn1-ecc': 2.9.4
      '@peculiar/asn1-rsa': 2.9.4
      '@peculiar/asn1-schema': 2.9.4
      '@peculiar/asn1-x509': 2.9.4
      '@peculiar/asn1-x509-post-quantum': 2.9.4
      '@peculiar/x509': 2.1.0
      reflect-metadata: 0.2.2

  '@types/node@24.13.3':
    dependencies:
      undici-types: 7.18.2

  '@types/pg@8.23.1':
    dependencies:
      '@types/node': 24.13.3
      pg-protocol: 1.16.0
      pg-types: 2.2.0

  asn1js@3.0.10:
    dependencies:
      pvtsutils: 1.3.6
      pvutils: 1.2.0
      tslib: 2.8.1

  hono@4.13.7: {}

  pg-cloudflare@1.4.0:
    optional: true

  pg-connection-string@2.14.0: {}

  pg-int8@1.0.1: {}

  pg-pool@3.14.0(pg@8.23.0):
    dependencies:
      pg: 8.23.0

  pg-protocol@1.16.0: {}

  pg-types@2.2.0:
    dependencies:
      pg-int8: 1.0.1
      postgres-array: 2.0.0
      postgres-bytea: 1.0.1
      postgres-date: 1.0.7
      postgres-interval: 1.2.0

  pg@8.23.0:
    dependencies:
      pg-connection-string: 2.14.0
      pg-pool: 3.14.0(pg@8.23.0)
      pg-protocol: 1.16.0
      pg-types: 2.2.0
      pgpass: 1.0.5
    optionalDependencies:
      pg-cloudflare: 1.4.0

  pgpass@1.0.5:
    dependencies:
      split2: 4.2.0

  postgres-array@2.0.0: {}

  postgres-bytea@1.0.1: {}

  postgres-date@1.0.7: {}

  postgres-interval@1.2.0:
    dependencies:
      xtend: 4.0.2

  prettier@3.9.6: {}

  pvtsutils@1.3.6:
    dependencies:
      tslib: 2.8.1

  pvutils@1.2.0: {}

  reflect-metadata@0.2.2: {}

  split2@4.2.0: {}

  tslib@1.14.1: {}

  tslib@2.8.1: {}

  tsyringe@4.10.0:
    dependencies:
      tslib: 1.14.1

  typescript@5.9.3: {}

  undici-types@7.18.2: {}

  xtend@4.0.2: {}
